{
  "name": "chat-app",
  "version": "1.0.0",
  "description": "Chat App",
  "engines": {
    "node": "12.4.0"
  },
  "main": "server.js",
  "scripts": {
    "test": "echo \"Error: no test specified\" && exit 1"
  },
  "author": "Keagon Brinkhuis",
  "license": "ISC",
  "dependencies": {
    "socket.io": "*",
    "express": "*"
  }
}
